
Microsoft Visual Studio Solution File, Format Version 12.00
# Visual Studio Version 17
VisualStudioVersion = 17.8.34511.84
MinimumVisualStudioVersion = 10.0.40219.1
Project("{FAE04EC0-301F-11D3-BF4B-00C04F79EFBC}") = "ComboBox and more", "ComboBox and more\ComboBox and more.csproj", "{1E21CBEA-A960-414C-9847-A62DC2541506}"
EndProject
Global
	GlobalSection(SolutionConfigurationPlatforms) = preSolution
		Debug|Any CPU = Debug|Any CPU
		Release|Any CPU = Release|Any CPU
	EndGlobalSection
	GlobalSection(ProjectConfigurationPlatforms) = postSolution
		{1E21CBEA-A960-414C-9847-A62DC2541506}.Debug|Any CPU.ActiveCfg = Debug|Any CPU
		{1E21CBEA-A960-414C-9847-A62DC2541506}.Debug|Any CPU.Build.0 = Debug|Any CPU
		{1E21CBEA-A960-414C-9847-A62DC2541506}.Release|Any CPU.ActiveCfg = Release|Any CPU
		{1E21CBEA-A960-414C-9847-A62DC2541506}.Release|Any CPU.Build.0 = Release|Any CPU
	EndGlobalSection
	GlobalSection(SolutionProperties) = preSolution
		HideSolutionNode = FALSE
	EndGlobalSection
	GlobalSection(ExtensibilityGlobals) = postSolution
		SolutionGuid = {4AEA3ADB-8AA5-40D4-882F-5C76C5F4590C}
	EndGlobalSection
EndGlobal
